
Microsoft Visual Studio Solution File, Format Version 12.00
# Visual Studio Version 16
VisualStudioVersion = 16.0.30204.135
MinimumVisualStudioVersion = 10.0.40219.1
Project("{FAE04EC0-301F-11D3-BF4B-00C04F79EFBC}") = "OnlineShopping.Web", "OnlineShopping.Web\OnlineShopping.Web.csproj", "{AB7CC1FC-F0A0-4EF1-A1A6-7870AA6BDFAC}"
EndProject
Global
	GlobalSection(SolutionConfigurationPlatforms) = preSolution
		Debug|Any CPU = Debug|Any CPU
		Release|Any CPU = Release|Any CPU
	EndGlobalSection
	GlobalSection(ProjectConfigurationPlatforms) = postSolution
		{AB7CC1FC-F0A0-4EF1-A1A6-7870AA6BDFAC}.Debug|Any CPU.ActiveCfg = Debug|Any CPU
		{AB7CC1FC-F0A0-4EF1-A1A6-7870AA6BDFAC}.Debug|Any CPU.Build.0 = Debug|Any CPU
		{AB7CC1FC-F0A0-4EF1-A1A6-7870AA6BDFAC}.Release|Any CPU.ActiveCfg = Release|Any CPU
		{AB7CC1FC-F0A0-4EF1-A1A6-7870AA6BDFAC}.Release|Any CPU.Build.0 = Release|Any CPU
	EndGlobalSection
	GlobalSection(SolutionProperties) = preSolution
		HideSolutionNode = FALSE
	EndGlobalSection
	GlobalSection(ExtensibilityGlobals) = postSolution
		SolutionGuid = {012EED2B-1BAE-4789-A1B4-44D0EDC3683B}
	EndGlobalSection
EndGlobal
